
Microsoft Visual Studio Solution File, Format Version 12.00
# Visual Studio Version 17
VisualStudioVersion = 17.12.35707.178
MinimumVisualStudioVersion = 10.0.40219.1
Project("{FAE04EC0-301F-11D3-BF4B-00C04F79EFBC}") = "WindowScan", "WindowScan.csproj", "{828AB246-F79F-4101-B5F5-ACE45BC33605}"
EndProject
Project("{2150E333-8FDC-42A3-9474-1A3956D46DE8}") = "icone", "icone", "{02EA681E-C7D8-13C7-8484-4AC65E1B71E8}"
	ProjectSection(SolutionItems) = preProject
		..\..\..\Downloads\ChatGPT Image 21 févr. 2026, 08_57_48.png = ..\..\..\Downloads\ChatGPT Image 21 févr. 2026, 08_57_48.png
	EndProjectSection
EndProject
Global
	GlobalSection(SolutionConfigurationPlatforms) = preSolution
		Debug|Any CPU = Debug|Any CPU
		Release|Any CPU = Release|Any CPU
	EndGlobalSection
	GlobalSection(ProjectConfigurationPlatforms) = postSolution
		{828AB246-F79F-4101-B5F5-ACE45BC33605}.Debug|Any CPU.ActiveCfg = Debug|Any CPU
		{828AB246-F79F-4101-B5F5-ACE45BC33605}.Debug|Any CPU.Build.0 = Debug|Any CPU
		{828AB246-F79F-4101-B5F5-ACE45BC33605}.Release|Any CPU.ActiveCfg = Release|Any CPU
		{828AB246-F79F-4101-B5F5-ACE45BC33605}.Release|Any CPU.Build.0 = Release|Any CPU
	EndGlobalSection
	GlobalSection(SolutionProperties) = preSolution
		HideSolutionNode = FALSE
	EndGlobalSection
	GlobalSection(ExtensibilityGlobals) = postSolution
		SolutionGuid = {F3DE4B9E-82CC-4328-8615-8184926DC0A8}
	EndGlobalSection
EndGlobal
